// !$*UTF8*$!
{
	archiveVersion = 1;
	classes = {
	};
	objectVersion = 50;
	objects = {

/* Begin PBXBuildFile section */
		8E4C996220D8B31D00EFE101 /* MCheckboxDelegate.swift in Sources */ = {isa = PBXBuildFile; fileRef = 8E4C996120D8B31D00EFE101 /* MCheckboxDelegate.swift */; };
		8E4C996720D8E36100EFE101 /* DrawerNavigation.swift in Sources */ = {isa = PBXBuildFile; fileRef = 8E4C996620D8E36100EFE101 /* DrawerNavigation.swift */; };
		8EF62B6520D76CDF00F5DF8D /* AppDelegate.swift in Sources */ = {isa = PBXBuildFile; fileRef = 8EF62B6420D76CDF00F5DF8D /* AppDelegate.swift */; };
		8EF62B6720D76CDF00F5DF8D /* ViewController.swift in Sources */ = {isa = PBXBuildFile; fileRef = 8EF62B6620D76CDF00F5DF8D /* ViewController.swift */; };
		8EF62B6A20D76CDF00F5DF8D /* Main.storyboard in Resources */ = {isa = PBXBuildFile; fileRef = 8EF62B6820D76CDF00F5DF8D /* Main.storyboard */; };
		8EF62B6C20D76CE100F5DF8D /* Assets.xcassets in Resources */ = {isa = PBXBuildFile; fileRef = 8EF62B6B20D76CE100F5DF8D /* Assets.xcassets */; };
		8EF62B6F20D76CE100F5DF8D /* LaunchScreen.storyboard in Resources */ = {isa = PBXBuildFile; fileRef = 8EF62B6D20D76CE100F5DF8D /* LaunchScreen.storyboard */; };
		8EF62B7920D76D2800F5DF8D /* MCheckbox.swift in Sources */ = {isa = PBXBuildFile; fileRef = 8EF62B7820D76D2800F5DF8D /* MCheckbox.swift */; };
		8EF62B7E20D799DE00F5DF8D /* MTextField.swift in Sources */ = {isa = PBXBuildFile; fileRef = 8EF62B7D20D799DD00F5DF8D /* MTextField.swift */; };
		8EF62B8220D7A16000F5DF8D /* MRadioButtonGroup.swift in Sources */ = {isa = PBXBuildFile; fileRef = 8EF62B8120D7A16000F5DF8D /* MRadioButtonGroup.swift */; };
		8EF62B8420D7A21400F5DF8D /* MRadioButton.swift in Sources */ = {isa = PBXBuildFile; fileRef = 8EF62B8320D7A21400F5DF8D /* MRadioButton.swift */; };
/* End PBXBuildFile section */

/* Begin PBXFileReference section */
		8E4C996120D8B31D00EFE101 /* MCheckboxDelegate.swift */ = {isa = PBXFileReference; lastKnownFileType = sourcecode.swift; path = MCheckboxDelegate.swift; sourceTree = "<group>"; };
		8E4C996620D8E36100EFE101 /* DrawerNavigation.swift */ = {isa = PBXFileReference; lastKnownFileType = sourcecode.swift; path = DrawerNavigation.swift; sourceTree = "<group>"; };
		8EF62B6120D76CDF00F5DF8D /* MaterialUI.app */ = {isa = PBXFileReference; explicitFileType = wrapper.application; includeInIndex = 0; path = MaterialUI.app; sourceTree = BUILT_PRODUCTS_DIR; };
		8EF62B6420D76CDF00F5DF8D /* AppDelegate.swift */ = {isa = PBXFileReference; lastKnownFileType = sourcecode.swift; path = AppDelegate.swift; sourceTree = "<group>"; };
		8EF62B6620D76CDF00F5DF8D /* ViewController.swift */ = {isa = PBXFileReference; lastKnownFileType = sourcecode.swift; path = ViewController.swift; sourceTree = "<group>"; };
		8EF62B6920D76CDF00F5DF8D /* Base */ = {isa = PBXFileReference; lastKnownFileType = file.storyboard; name = Base; path = Base.lproj/Main.storyboard; sourceTree = "<group>"; };
		8EF62B6B20D76CE100F5DF8D /* Assets.xcassets */ = {isa = PBXFileReference; lastKnownFileType = folder.assetcatalog; path = Assets.xcassets; sourceTree = "<group>"; };
		8EF62B6E20D76CE100F5DF8D /* Base */ = {isa = PBXFileReference; lastKnownFileType = file.storyboard; name = Base; path = Base.lproj/LaunchScreen.storyboard; sourceTree = "<group>"; };
		8EF62B7020D76CE100F5DF8D /* Info.plist */ = {isa = PBXFileReference; lastKnownFileType = text.plist.xml; path = Info.plist; sourceTree = "<group>"; };
		8EF62B7820D76D2800F5DF8D /* MCheckbox.swift */ = {isa = PBXFileReference; lastKnownFileType = sourcecode.swift; path = MCheckbox.swift; sourceTree = "<group>"; };
		8EF62B7D20D799DD00F5DF8D /* MTextField.swift */ = {isa = PBXFileReference; lastKnownFileType = sourcecode.swift; path = MTextField.swift; sourceTree = "<group>"; };
		8EF62B8120D7A16000F5DF8D /* MRadioButtonGroup.swift */ = {isa = PBXFileReference; lastKnownFileType = sourcecode.swift; path = MRadioButtonGroup.swift; sourceTree = "<group>"; };
		8EF62B8320D7A21400F5DF8D /* MRadioButton.swift */ = {isa = PBXFileReference; lastKnownFileType = sourcecode.swift; path = MRadioButton.swift; sourceTree = "<group>"; };
/* End PBXFileReference section */

/* Begin PBXFrameworksBuildPhase section */
		8EF62B5E20D76CDF00F5DF8D /* Frameworks */ = {
			isa = PBXFrameworksBuildPhase;
			buildActionMask = 2147483647;
			files = (
			);
			runOnlyForDeploymentPostprocessing = 0;
		};
/* End PBXFrameworksBuildPhase section */

/* Begin PBXGroup section */
		8E4C996320D8E2F400EFE101 /* DrawerNavigation */ = {
			isa = PBXGroup;
			children = (
				8E4C996620D8E36100EFE101 /* DrawerNavigation.swift */,
			);
			path = DrawerNavigation;
			sourceTree = "<group>";
		};
		8EF62B5820D76CDF00F5DF8D = {
			isa = PBXGroup;
			children = (
				8EF62B6320D76CDF00F5DF8D /* MaterialUI */,
				8EF62B6220D76CDF00F5DF8D /* Products */,
			);
			sourceTree = "<group>";
		};
		8EF62B6220D76CDF00F5DF8D /* Products */ = {
			isa = PBXGroup;
			children = (
				8EF62B6120D76CDF00F5DF8D /* MaterialUI.app */,
			);
			name = Products;
			sourceTree = "<group>";
		};
		8EF62B6320D76CDF00F5DF8D /* MaterialUI */ = {
			isa = PBXGroup;
			children = (
				8E4C996320D8E2F400EFE101 /* DrawerNavigation */,
				8EF62B7F20D7A10000F5DF8D /* RadioButtonGroup */,
				8EF62B7C20D799CA00F5DF8D /* TextField */,
				8EF62B7620D76CF200F5DF8D /* Checkbox */,
				8EF62B6420D76CDF00F5DF8D /* AppDelegate.swift */,
				8EF62B6620D76CDF00F5DF8D /* ViewController.swift */,
				8EF62B6820D76CDF00F5DF8D /* Main.storyboard */,
				8EF62B6B20D76CE100F5DF8D /* Assets.xcassets */,
				8EF62B6D20D76CE100F5DF8D /* LaunchScreen.storyboard */,
				8EF62B7020D76CE100F5DF8D /* Info.plist */,
			);
			path = MaterialUI;
			sourceTree = "<group>";
		};
		8EF62B7620D76CF200F5DF8D /* Checkbox */ = {
			isa = PBXGroup;
			children = (
				8EF62B7820D76D2800F5DF8D /* MCheckbox.swift */,
				8E4C996120D8B31D00EFE101 /* MCheckboxDelegate.swift */,
			);
			path = Checkbox;
			sourceTree = "<group>";
		};
		8EF62B7C20D799CA00F5DF8D /* TextField */ = {
			isa = PBXGroup;
			children = (
				8EF62B7D20D799DD00F5DF8D /* MTextField.swift */,
			);
			path = TextField;
			sourceTree = "<group>";
		};
		8EF62B7F20D7A10000F5DF8D /* RadioButtonGroup */ = {
			isa = PBXGroup;
			children = (
				8EF62B8120D7A16000F5DF8D /* MRadioButtonGroup.swift */,
				8EF62B8320D7A21400F5DF8D /* MRadioButton.swift */,
			);
			path = RadioButtonGroup;
			sourceTree = "<group>";
		};
/* End PBXGroup section */

/* Begin PBXNativeTarget section */
		8EF62B6020D76CDF00F5DF8D /* MaterialUI */ = {
			isa = PBXNativeTarget;
			buildConfigurationList = 8EF62B7320D76CE100F5DF8D /* Build configuration list for PBXNativeTarget "MaterialUI" */;
			buildPhases = (
				8EF62B5D20D76CDF00F5DF8D /* Sources */,
				8EF62B5E20D76CDF00F5DF8D /* Frameworks */,
				8EF62B5F20D76CDF00F5DF8D /* Resources */,
			);
			buildRules = (
			);
			dependencies = (
			);
			name = MaterialUI;
			productName = MaterialUI;
			productReference = 8EF62B6120D76CDF00F5DF8D /* MaterialUI.app */;
			productType = "com.apple.product-type.application";
		};
/* End PBXNativeTarget section */

/* Begin PBXProject section */
		8EF62B5920D76CDF00F5DF8D /* Project object */ = {
			isa = PBXProject;
			attributes = {
				LastSwiftUpdateCheck = 0940;
				LastUpgradeCheck = 0940;
				ORGANIZATIONNAME = "Phạm Như Vũ";
				TargetAttributes = {
					8EF62B6020D76CDF00F5DF8D = {
						CreatedOnToolsVersion = 9.4.1;
					};
				};
			};
			buildConfigurationList = 8EF62B5C20D76CDF00F5DF8D /* Build configuration list for PBXProject "MaterialUI" */;
			compatibilityVersion = "Xcode 9.3";
			developmentRegion = en;
			hasScannedForEncodings = 0;
			knownRegions = (
				en,
				Base,
			);
			mainGroup = 8EF62B5820D76CDF00F5DF8D;
			productRefGroup = 8EF62B6220D76CDF00F5DF8D /* Products */;
			projectDirPath = "";
			projectRoot = "";
			targets = (
				8EF62B6020D76CDF00F5DF8D /* MaterialUI */,
			);
		};
/* End PBXProject section */

/* Begin PBXResourcesBuildPhase section */
		8EF62B5F20D76CDF00F5DF8D /* Resources */ = {
			isa = PBXResourcesBuildPhase;
			buildActionMask = 2147483647;
			files = (
				8EF62B6F20D76CE100F5DF8D /* LaunchScreen.storyboard in Resources */,
				8EF62B6C20D76CE100F5DF8D /* Assets.xcassets in Resources */,
				8EF62B6A20D76CDF00F5DF8D /* Main.storyboard in Resources */,
			);
			runOnlyForDeploymentPostprocessing = 0;
		};
/* End PBXResourcesBuildPhase section */

/* Begin PBXSourcesBuildPhase section */
		8EF62B5D20D76CDF00F5DF8D /* Sources */ = {
			isa = PBXSourcesBuildPhase;
			buildActionMask = 2147483647;
			files = (
				8EF62B6720D76CDF00F5DF8D /* ViewController.swift in Sources */,
				8EF62B8420D7A21400F5DF8D /* MRadioButton.swift in Sources */,
				8EF62B7E20D799DE00F5DF8D /* MTextField.swift in Sources */,
				8EF62B7920D76D2800F5DF8D /* MCheckbox.swift in Sources */,
				8EF62B6520D76CDF00F5DF8D /* AppDelegate.swift in Sources */,
				8EF62B8220D7A16000F5DF8D /* MRadioButtonGroup.swift in Sources */,
				8E4C996720D8E36100EFE101 /* DrawerNavigation.swift in Sources */,
				8E4C996220D8B31D00EFE101 /* MCheckboxDelegate.swift in Sources */,
			);
			runOnlyForDeploymentPostprocessing = 0;
		};
/* End PBXSourcesBuildPhase section */

/* Begin PBXVariantGroup section */
		8EF62B6820D76CDF00F5DF8D /* Main.storyboard */ = {
			isa = PBXVariantGroup;
			children = (
				8EF62B6920D76CDF00F5DF8D /* Base */,
			);
			name = Main.storyboard;
			sourceTree = "<group>";
		};
		8EF62B6D20D76CE100F5DF8D /* LaunchScreen.storyboard */ = {
			isa = PBXVariantGroup;
			children = (
				8EF62B6E20D76CE100F5DF8D /* Base */,
			);
			name = LaunchScreen.storyboard;
			sourceTree = "<group>";
		};
/* End PBXVariantGroup section */

/* Begin XCBuildConfiguration section */
		8EF62B7120D76CE100F5DF8D /* Debug */ = {
			isa = XCBuildConfiguration;
			buildSettings = {
				ALWAYS_SEARCH_USER_PATHS = NO;
				CLANG_ANALYZER_NONNULL = YES;
				CLANG_ANALYZER_NUMBER_OBJECT_CONVERSION = YES_AGGRESSIVE;
				CLANG_CXX_LANGUAGE_STANDARD = "gnu++14";
				CLANG_CXX_LIBRARY = "libc++";
				CLANG_ENABLE_MODULES = YES;
				CLANG_ENABLE_OBJC_ARC = YES;
				CLANG_ENABLE_OBJC_WEAK = YES;
				CLANG_WARN_BLOCK_CAPTURE_AUTORELEASING = YES;
				CLANG_WARN_BOOL_CONVERSION = YES;
				CLANG_WARN_COMMA = YES;
				CLANG_WARN_CONSTANT_CONVERSION = YES;
				CLANG_WARN_DEPRECATED_OBJC_IMPLEMENTATIONS = YES;
				CLANG_WARN_DIRECT_OBJC_ISA_USAGE = YES_ERROR;
				CLANG_WARN_DOCUMENTATION_COMMENTS = YES;
				CLANG_WARN_EMPTY_BODY = YES;
				CLANG_WARN_ENUM_CONVERSION = YES;
				CLANG_WARN_INFINITE_RECURSION = YES;
				CLANG_WARN_INT_CONVERSION = YES;
				CLANG_WARN_NON_LITERAL_NULL_CONVERSION = YES;
				CLANG_WARN_OBJC_IMPLICIT_RETAIN_SELF = YES;
				CLANG_WARN_OBJC_LITERAL_CONVERSION = YES;
				CLANG_WARN_OBJC_ROOT_CLASS = YES_ERROR;
				CLANG_WARN_RANGE_LOOP_ANALYSIS = YES;
				CLANG_WARN_STRICT_PROTOTYPES = YES;
				CLANG_WARN_SUSPICIOUS_MOVE = YES;
				CLANG_WARN_UNGUARDED_AVAILABILITY = YES_AGGRESSIVE;
				CLANG_WARN_UNREACHABLE_CODE = YES;
				CLANG_WARN__DUPLICATE_METHOD_MATCH = YES;
				CODE_SIGN_IDENTITY = "iPhone Developer";
				COPY_PHASE_STRIP = NO;
				DEBUG_INFORMATION_FORMAT = dwarf;
				ENABLE_STRICT_OBJC_MSGSEND = YES;
				ENABLE_TESTABILITY = YES;
				GCC_C_LANGUAGE_STANDARD = gnu11;
				GCC_DYNAMIC_NO_PIC = NO;
				GCC_NO_COMMON_BLOCKS = YES;
				GCC_OPTIMIZATION_LEVEL = 0;
				GCC_PREPROCESSOR_DEFINITIONS = (
					"DEBUG=1",
					"$(inherited)",
				);
				GCC_WARN_64_TO_32_BIT_CONVERSION = YES;
				GCC_WARN_ABOUT_RETURN_TYPE = YES_ERROR;
				GCC_WARN_UNDECLARED_SELECTOR = YES;
				GCC_WARN_UNINITIALIZED_AUTOS = YES_AGGRESSIVE;
				GCC_WARN_UNUSED_FUNCTION = YES;
				GCC_WARN_UNUSED_VARIABLE = YES;
				IPHONEOS_DEPLOYMENT_TARGET = 11.4;
				MTL_ENABLE_DEBUG_INFO = YES;
				ONLY_ACTIVE_ARCH = YES;
				SDKROOT = iphoneos;
				SWIFT_ACTIVE_COMPILATION_CONDITIONS = DEBUG;
				SWIFT_OPTIMIZATION_LEVEL = "-Onone";
			};
			name = Debug;
		};
		8EF62B7220D76CE100F5DF8D /* Release */ = {
			isa = XCBuildConfiguration;
			buildSettings = {
				ALWAYS_SEARCH_USER_PATHS = NO;
				CLANG_ANALYZER_NONNULL = YES;
				CLANG_ANALYZER_NUMBER_OBJECT_CONVERSION = YES_AGGRESSIVE;
				CLANG_CXX_LANGUAGE_STANDARD = "gnu++14";
				CLANG_CXX_LIBRARY = "libc++";
				CLANG_ENABLE_MODULES = YES;
				CLANG_ENABLE_OBJC_ARC = YES;
				CLANG_ENABLE_OBJC_WEAK = YES;
				CLANG_WARN_BLOCK_CAPTURE_AUTORELEASING = YES;
				CLANG_WARN_BOOL_CONVERSION = YES;
				CLANG_WARN_COMMA = YES;
				CLANG_WARN_CONSTANT_CONVERSION = YES;
				CLANG_WARN_DEPRECATED_OBJC_IMPLEMENTATIONS = YES;
				CLANG_WARN_DIRECT_OBJC_ISA_USAGE = YES_ERROR;
				CLANG_WARN_DOCUMENTATION_COMMENTS = YES;
				CLANG_WARN_EMPTY_BODY = YES;
				CLANG_WARN_ENUM_CONVERSION = YES;
				CLANG_WARN_INFINITE_RECURSION = YES;
				CLANG_WARN_INT_CONVERSION = YES;
				CLANG_WARN_NON_LITERAL_NULL_CONVERSION = YES;
				CLANG_WARN_OBJC_IMPLICIT_RETAIN_SELF = YES;
				CLANG_WARN_OBJC_LITERAL_CONVERSION = YES;
				CLANG_WARN_OBJC_ROOT_CLASS = YES_ERROR;
				CLANG_WARN_RANGE_LOOP_ANALYSIS = YES;
				CLANG_WARN_STRICT_PROTOTYPES = YES;
				CLANG_WARN_SUSPICIOUS_MOVE = YES;
				CLANG_WARN_UNGUARDED_AVAILABILITY = YES_AGGRESSIVE;
				CLANG_WARN_UNREACHABLE_CODE = YES;
				CLANG_WARN__DUPLICATE_METHOD_MATCH = YES;
				CODE_SIGN_IDENTITY = "iPhone Developer";
				COPY_PHASE_STRIP = NO;
				DEBUG_INFORMATION_FORMAT = "dwarf-with-dsym";
				ENABLE_NS_ASSERTIONS = NO;
				ENABLE_STRICT_OBJC_MSGSEND = YES;
				GCC_C_LANGUAGE_STANDARD = gnu11;
				GCC_NO_COMMON_BLOCKS = YES;
				GCC_WARN_64_TO_32_BIT_CONVERSION = YES;
				GCC_WARN_ABOUT_RETURN_TYPE = YES_ERROR;
				GCC_WARN_UNDECLARED_SELECTOR = YES;
				GCC_WARN_UNINITIALIZED_AUTOS = YES_AGGRESSIVE;
				GCC_WARN_UNUSED_FUNCTION = YES;
				GCC_WARN_UNUSED_VARIABLE = YES;
				IPHONEOS_DEPLOYMENT_TARGET = 11.4;
				MTL_ENABLE_DEBUG_INFO = NO;
				SDKROOT = iphoneos;
				SWIFT_COMPILATION_MODE = wholemodule;
				SWIFT_OPTIMIZATION_LEVEL = "-O";
				VALIDATE_PRODUCT = YES;
			};
			name = Release;
		};
		8EF62B7420D76CE100F5DF8D /* Debug */ = {
			isa = XCBuildConfiguration;
			buildSettings = {
				ASSETCATALOG_COMPILER_APPICON_NAME = AppIcon;
				CODE_SIGN_STYLE = Automatic;
				DEVELOPMENT_TEAM = 277C8MZCDC;
				INFOPLIST_FILE = MaterialUI/Info.plist;
				LD_RUNPATH_SEARCH_PATHS = (
					"$(inherited)",
					"@executable_path/Frameworks",
				);
				PRODUCT_BUNDLE_IDENTIFIER = com.phamnhuvu.MaterialUI;
				PRODUCT_NAME = "$(TARGET_NAME)";
				SWIFT_VERSION = 4.0;
				TARGETED_DEVICE_FAMILY = "1,2";
			};
			name = Debug;
		};
		8EF62B7520D76CE100F5DF8D /* Release */ = {
			isa = XCBuildConfiguration;
			buildSettings = {
				ASSETCATALOG_COMPILER_APPICON_NAME = AppIcon;
				CODE_SIGN_STYLE = Automatic;
				DEVELOPMENT_TEAM = 277C8MZCDC;
				INFOPLIST_FILE = MaterialUI/Info.plist;
				LD_RUNPATH_SEARCH_PATHS = (
					"$(inherited)",
					"@executable_path/Frameworks",
				);
				PRODUCT_BUNDLE_IDENTIFIER = com.phamnhuvu.MaterialUI;
				PRODUCT_NAME = "$(TARGET_NAME)";
				SWIFT_VERSION = 4.0;
				TARGETED_DEVICE_FAMILY = "1,2";
			};
			name = Release;
		};
/* End XCBuildConfiguration section */

/* Begin XCConfigurationList section */
		8EF62B5C20D76CDF00F5DF8D /* Build configuration list for PBXProject "MaterialUI" */ = {
			isa = XCConfigurationList;
			buildConfigurations = (
				8EF62B7120D76CE100F5DF8D /* Debug */,
				8EF62B7220D76CE100F5DF8D /* Release */,
			);
			defaultConfigurationIsVisible = 0;
			defaultConfigurationName = Release;
		};
		8EF62B7320D76CE100F5DF8D /* Build configuration list for PBXNativeTarget "MaterialUI" */ = {
			isa = XCConfigurationList;
			buildConfigurations = (
				8EF62B7420D76CE100F5DF8D /* Debug */,
				8EF62B7520D76CE100F5DF8D /* Release */,
			);
			defaultConfigurationIsVisible = 0;
			defaultConfigurationName = Release;
		};
/* End XCConfigurationList section */
	};
	rootObject = 8EF62B5920D76CDF00F5DF8D /* Project object */;
}
